
Microsoft Visual Studio Solution File, Format Version 12.00
# Visual Studio Version 17
VisualStudioVersion = 17.13.35913.81
MinimumVisualStudioVersion = 10.0.40219.1
Project("{FAE04EC0-301F-11D3-BF4B-00C04F79EFBC}") = "DLS_Mandatory_Project", "DLS_Mandatory_Project\DLS_Mandatory_Project\DLS_Mandatory_Project.csproj", "{5546AF33-42CE-4C95-9737-093D2D05999E}"
EndProject
Project("{FAE04EC0-301F-11D3-BF4B-00C04F79EFBC}") = "DLS_Mandatory_Project.Client", "DLS_Mandatory_Project\DLS_Mandatory_Project.Client\DLS_Mandatory_Project.Client.csproj", "{AA3D9F6D-994C-42BA-8A6D-02CE3D0800EB}"
EndProject
Project("{E53339B2-1760-4266-BCC7-CA923CBCF16C}") = "docker-compose", "docker-compose.dcproj", "{81DDED9D-158B-E303-5F62-77A2896D2A5A}"
EndProject
Project("{FAE04EC0-301F-11D3-BF4B-00C04F79EFBC}") = "UserService", "UserService\UserService.csproj", "{18064574-A0AC-42ED-81EF-6E306161375E}"
EndProject
Project("{FAE04EC0-301F-11D3-BF4B-00C04F79EFBC}") = "AuthService", "AuthService\AuthService.csproj", "{E19FA5CA-4F31-4239-9BB2-A31B4C49E49D}"
EndProject
Project("{FAE04EC0-301F-11D3-BF4B-00C04F79EFBC}") = "ApiGateway", "ApiGateway\ApiGateway.csproj", "{BE5AA849-EB61-4EB5-A2A3-F2E71F029299}"
EndProject
Project("{FAE04EC0-301F-11D3-BF4B-00C04F79EFBC}") = "UnitTest", "UnitTest\UnitTest.csproj", "{EFDB9F83-C321-40B9-A849-DF31E4D17E8A}"
EndProject
Global
	GlobalSection(SolutionConfigurationPlatforms) = preSolution
		Debug|Any CPU = Debug|Any CPU
		Release|Any CPU = Release|Any CPU
	EndGlobalSection
	GlobalSection(ProjectConfigurationPlatforms) = postSolution
		{5546AF33-42CE-4C95-9737-093D2D05999E}.Debug|Any CPU.ActiveCfg = Debug|Any CPU
		{5546AF33-42CE-4C95-9737-093D2D05999E}.Debug|Any CPU.Build.0 = Debug|Any CPU
		{5546AF33-42CE-4C95-9737-093D2D05999E}.Release|Any CPU.ActiveCfg = Release|Any CPU
		{5546AF33-42CE-4C95-9737-093D2D05999E}.Release|Any CPU.Build.0 = Release|Any CPU
		{AA3D9F6D-994C-42BA-8A6D-02CE3D0800EB}.Debug|Any CPU.ActiveCfg = Debug|Any CPU
		{AA3D9F6D-994C-42BA-8A6D-02CE3D0800EB}.Debug|Any CPU.Build.0 = Debug|Any CPU
		{AA3D9F6D-994C-42BA-8A6D-02CE3D0800EB}.Release|Any CPU.ActiveCfg = Release|Any CPU
		{AA3D9F6D-994C-42BA-8A6D-02CE3D0800EB}.Release|Any CPU.Build.0 = Release|Any CPU
		{81DDED9D-158B-E303-5F62-77A2896D2A5A}.Debug|Any CPU.ActiveCfg = Debug|Any CPU
		{81DDED9D-158B-E303-5F62-77A2896D2A5A}.Debug|Any CPU.Build.0 = Debug|Any CPU
		{81DDED9D-158B-E303-5F62-77A2896D2A5A}.Release|Any CPU.ActiveCfg = Release|Any CPU
		{81DDED9D-158B-E303-5F62-77A2896D2A5A}.Release|Any CPU.Build.0 = Release|Any CPU
		{18064574-A0AC-42ED-81EF-6E306161375E}.Debug|Any CPU.ActiveCfg = Debug|Any CPU
		{18064574-A0AC-42ED-81EF-6E306161375E}.Debug|Any CPU.Build.0 = Debug|Any CPU
		{18064574-A0AC-42ED-81EF-6E306161375E}.Release|Any CPU.ActiveCfg = Release|Any CPU
		{18064574-A0AC-42ED-81EF-6E306161375E}.Release|Any CPU.Build.0 = Release|Any CPU
		{E19FA5CA-4F31-4239-9BB2-A31B4C49E49D}.Debug|Any CPU.ActiveCfg = Debug|Any CPU
		{E19FA5CA-4F31-4239-9BB2-A31B4C49E49D}.Debug|Any CPU.Build.0 = Debug|Any CPU
		{E19FA5CA-4F31-4239-9BB2-A31B4C49E49D}.Release|Any CPU.ActiveCfg = Release|Any CPU
		{E19FA5CA-4F31-4239-9BB2-A31B4C49E49D}.Release|Any CPU.Build.0 = Release|Any CPU
		{BE5AA849-EB61-4EB5-A2A3-F2E71F029299}.Debug|Any CPU.ActiveCfg = Debug|Any CPU
		{BE5AA849-EB61-4EB5-A2A3-F2E71F029299}.Debug|Any CPU.Build.0 = Debug|Any CPU
		{BE5AA849-EB61-4EB5-A2A3-F2E71F029299}.Release|Any CPU.ActiveCfg = Release|Any CPU
		{BE5AA849-EB61-4EB5-A2A3-F2E71F029299}.Release|Any CPU.Build.0 = Release|Any CPU
		{EFDB9F83-C321-40B9-A849-DF31E4D17E8A}.Debug|Any CPU.ActiveCfg = Debug|Any CPU
		{EFDB9F83-C321-40B9-A849-DF31E4D17E8A}.Debug|Any CPU.Build.0 = Debug|Any CPU
		{EFDB9F83-C321-40B9-A849-DF31E4D17E8A}.Release|Any CPU.ActiveCfg = Release|Any CPU
		{EFDB9F83-C321-40B9-A849-DF31E4D17E8A}.Release|Any CPU.Build.0 = Release|Any CPU
	EndGlobalSection
	GlobalSection(SolutionProperties) = preSolution
		HideSolutionNode = FALSE
	EndGlobalSection
	GlobalSection(ExtensibilityGlobals) = postSolution
		SolutionGuid = {5CF7FF8A-3D1D-43BB-B378-B0FC97FD7EF5}
	EndGlobalSection
EndGlobal
